
Microsoft Visual Studio Solution File, Format Version 12.00
# Visual Studio 14
VisualStudioVersion = 14.0.23107.0
MinimumVisualStudioVersion = 10.0.40219.1
Project("{F184B08F-C81C-45F6-A57F-5ABD9991F28F}") = "Chapter_08_학점계산기_박한수", "Chapter_08\Chapter_08_학점계산기_박한수.vbproj", "{5DE5C7BD-1AA6-4C97-AE41-07EAD35B2127}"
EndProject
Global
	GlobalSection(SolutionConfigurationPlatforms) = preSolution
		Debug|Any CPU = Debug|Any CPU
		Release|Any CPU = Release|Any CPU
	EndGlobalSection
	GlobalSection(ProjectConfigurationPlatforms) = postSolution
		{5DE5C7BD-1AA6-4C97-AE41-07EAD35B2127}.Debug|Any CPU.ActiveCfg = Debug|Any CPU
		{5DE5C7BD-1AA6-4C97-AE41-07EAD35B2127}.Debug|Any CPU.Build.0 = Debug|Any CPU
		{5DE5C7BD-1AA6-4C97-AE41-07EAD35B2127}.Release|Any CPU.ActiveCfg = Release|Any CPU
		{5DE5C7BD-1AA6-4C97-AE41-07EAD35B2127}.Release|Any CPU.Build.0 = Release|Any CPU
	EndGlobalSection
	GlobalSection(SolutionProperties) = preSolution
		HideSolutionNode = FALSE
	EndGlobalSection
EndGlobal
